
Microsoft Visual Studio Solution File, Format Version 12.00
# Visual Studio Version 16
VisualStudioVersion = 16.0.30011.22
MinimumVisualStudioVersion = 10.0.40219.1
Project("{FAE04EC0-301F-11D3-BF4B-00C04F79EFBC}") = "kalendar", "kalendar\kalendar.csproj", "{5D53EA7F-6591-4B98-AE40-CF9A0951CCF2}"
EndProject
Project("{FAE04EC0-301F-11D3-BF4B-00C04F79EFBC}") = "testuKalendarza", "testuKalendarza\testuKalendarza.csproj", "{E9296F41-2837-4FDE-B087-AA734F47AB64}"
EndProject
Global
	GlobalSection(SolutionConfigurationPlatforms) = preSolution
		Debug|Any CPU = Debug|Any CPU
		Release|Any CPU = Release|Any CPU
	EndGlobalSection
	GlobalSection(ProjectConfigurationPlatforms) = postSolution
		{5D53EA7F-6591-4B98-AE40-CF9A0951CCF2}.Debug|Any CPU.ActiveCfg = Debug|Any CPU
		{5D53EA7F-6591-4B98-AE40-CF9A0951CCF2}.Debug|Any CPU.Build.0 = Debug|Any CPU
		{5D53EA7F-6591-4B98-AE40-CF9A0951CCF2}.Release|Any CPU.ActiveCfg = Release|Any CPU
		{5D53EA7F-6591-4B98-AE40-CF9A0951CCF2}.Release|Any CPU.Build.0 = Release|Any CPU
		{E9296F41-2837-4FDE-B087-AA734F47AB64}.Debug|Any CPU.ActiveCfg = Debug|Any CPU
		{E9296F41-2837-4FDE-B087-AA734F47AB64}.Debug|Any CPU.Build.0 = Debug|Any CPU
		{E9296F41-2837-4FDE-B087-AA734F47AB64}.Release|Any CPU.ActiveCfg = Release|Any CPU
		{E9296F41-2837-4FDE-B087-AA734F47AB64}.Release|Any CPU.Build.0 = Release|Any CPU
	EndGlobalSection
	GlobalSection(SolutionProperties) = preSolution
		HideSolutionNode = FALSE
	EndGlobalSection
	GlobalSection(ExtensibilityGlobals) = postSolution
		SolutionGuid = {AD7BF1FF-51B0-42D3-9360-4AD12FA8764E}
	EndGlobalSection
EndGlobal
